
Microsoft Visual Studio Solution File, Format Version 12.00
# Visual Studio 15
VisualStudioVersion = 15.0.26730.12
MinimumVisualStudioVersion = 10.0.40219.1
Project("{FAE04EC0-301F-11D3-BF4B-00C04F79EFBC}") = "Lab17DatabaseDesign", "Lab17DatabaseDesign\Lab17DatabaseDesign.csproj", "{81FEB522-270C-417C-966E-02C32EC279E8}"
EndProject
Global
	GlobalSection(SolutionConfigurationPlatforms) = preSolution
		Debug|Any CPU = Debug|Any CPU
		Release|Any CPU = Release|Any CPU
	EndGlobalSection
	GlobalSection(ProjectConfigurationPlatforms) = postSolution
		{81FEB522-270C-417C-966E-02C32EC279E8}.Debug|Any CPU.ActiveCfg = Debug|Any CPU
		{81FEB522-270C-417C-966E-02C32EC279E8}.Debug|Any CPU.Build.0 = Debug|Any CPU
		{81FEB522-270C-417C-966E-02C32EC279E8}.Release|Any CPU.ActiveCfg = Release|Any CPU
		{81FEB522-270C-417C-966E-02C32EC279E8}.Release|Any CPU.Build.0 = Release|Any CPU
	EndGlobalSection
	GlobalSection(SolutionProperties) = preSolution
		HideSolutionNode = FALSE
	EndGlobalSection
	GlobalSection(ExtensibilityGlobals) = postSolution
		SolutionGuid = {560CE25F-EBCC-4CBF-8AAB-9E4284925627}
	EndGlobalSection
EndGlobal
